
Microsoft Visual Studio Solution File, Format Version 12.00
# Visual Studio Version 17
VisualStudioVersion = 17.2.32526.322
MinimumVisualStudioVersion = 10.0.40219.1
Project("{2150E333-8FDC-42A3-9474-1A3956D46DE8}") = "lab2", "lab2", "{DDEEB079-7B99-4952-8B29-939D8E725104}"
EndProject
Project("{9A19103F-16F7-4668-BE54-9A1E7A4F7556}") = "NetworkModel", "lab2\NetworkModel.csproj", "{54F9A165-5D89-4C47-89CE-F169BE488F44}"
EndProject
Project("{2150E333-8FDC-42A3-9474-1A3956D46DE8}") = "Models", "Models", "{0AC3E678-763B-45DA-B0A3-64EFACEF76BE}"
EndProject
Project("{2150E333-8FDC-42A3-9474-1A3956D46DE8}") = "Views", "Views", "{342C920C-29D4-4585-BF8D-0CB5470B77EB}"
EndProject
Project("{2150E333-8FDC-42A3-9474-1A3956D46DE8}") = "lab3", "lab3", "{7B045FDE-6993-4ADE-B5C5-41810DCA72DB}"
EndProject
Project("{2150E333-8FDC-42A3-9474-1A3956D46DE8}") = "Models", "Models", "{4AF6821F-F583-41F7-8CD8-B816CB90D278}"
EndProject
Project("{2150E333-8FDC-42A3-9474-1A3956D46DE8}") = "Views", "Views", "{988A5BE6-FE59-4F40-A464-AE3FFD7A570A}"
EndProject
Project("{9A19103F-16F7-4668-BE54-9A1E7A4F7556}") = "NetworkView", "lab2\NetworkView\NetworkView.csproj", "{DB6A0B45-80F1-4483-B05C-182FA28B825E}"
EndProject
Project("{9A19103F-16F7-4668-BE54-9A1E7A4F7556}") = "VehicleModels", "lab3\VehicleModels\VehicleModels.csproj", "{39B344EF-E3A6-4415-B66D-EF88EBA85592}"
EndProject
Project("{9A19103F-16F7-4668-BE54-9A1E7A4F7556}") = "VehicleView", "lab3\VehicleView\VehicleView.csproj", "{FC70257E-B3CA-4CB0-A491-3C82076E7BC7}"
EndProject
Project("{9A19103F-16F7-4668-BE54-9A1E7A4F7556}") = "VehicleReflectionView", "lab4\VehicleReflectionView\VehicleReflectionView.csproj", "{DB5691A8-DF95-460E-AA83-13C4EC61007E}"
EndProject
Project("{9A19103F-16F7-4668-BE54-9A1E7A4F7556}") = "VehicleReflectionModel", "lab4\VehicleReflectionModel\VehicleReflectionModel.csproj", "{90371B7D-7755-4EFA-9D1B-A817FAEA4DE0}"
EndProject
Project("{2150E333-8FDC-42A3-9474-1A3956D46DE8}") = "lab4", "lab4", "{F76BE0E1-ED90-49F7-9C06-FBFC253F069C}"
EndProject
Project("{2150E333-8FDC-42A3-9474-1A3956D46DE8}") = "Models", "Models", "{F4703137-F07D-4EE3-876D-A3ED6F618545}"
EndProject
Project("{2150E333-8FDC-42A3-9474-1A3956D46DE8}") = "Views", "Views", "{B7B262C6-BAB9-4467-BBB7-CE1A4E18566E}"
EndProject
Global
	GlobalSection(SolutionConfigurationPlatforms) = preSolution
		Debug|Any CPU = Debug|Any CPU
		Debug|x86 = Debug|x86
		Release|Any CPU = Release|Any CPU
		Release|x86 = Release|x86
	EndGlobalSection
	GlobalSection(ProjectConfigurationPlatforms) = postSolution
		{54F9A165-5D89-4C47-89CE-F169BE488F44}.Debug|Any CPU.ActiveCfg = Debug|Any CPU
		{54F9A165-5D89-4C47-89CE-F169BE488F44}.Debug|Any CPU.Build.0 = Debug|Any CPU
		{54F9A165-5D89-4C47-89CE-F169BE488F44}.Debug|x86.ActiveCfg = Debug|Any CPU
		{54F9A165-5D89-4C47-89CE-F169BE488F44}.Debug|x86.Build.0 = Debug|Any CPU
		{54F9A165-5D89-4C47-89CE-F169BE488F44}.Release|Any CPU.ActiveCfg = Release|Any CPU
		{54F9A165-5D89-4C47-89CE-F169BE488F44}.Release|Any CPU.Build.0 = Release|Any CPU
		{54F9A165-5D89-4C47-89CE-F169BE488F44}.Release|x86.ActiveCfg = Release|Any CPU
		{54F9A165-5D89-4C47-89CE-F169BE488F44}.Release|x86.Build.0 = Release|Any CPU
		{DB6A0B45-80F1-4483-B05C-182FA28B825E}.Debug|Any CPU.ActiveCfg = Debug|Any CPU
		{DB6A0B45-80F1-4483-B05C-182FA28B825E}.Debug|Any CPU.Build.0 = Debug|Any CPU
		{DB6A0B45-80F1-4483-B05C-182FA28B825E}.Debug|x86.ActiveCfg = Debug|Any CPU
		{DB6A0B45-80F1-4483-B05C-182FA28B825E}.Debug|x86.Build.0 = Debug|Any CPU
		{DB6A0B45-80F1-4483-B05C-182FA28B825E}.Release|Any CPU.ActiveCfg = Release|Any CPU
		{DB6A0B45-80F1-4483-B05C-182FA28B825E}.Release|Any CPU.Build.0 = Release|Any CPU
		{DB6A0B45-80F1-4483-B05C-182FA28B825E}.Release|x86.ActiveCfg = Release|Any CPU
		{DB6A0B45-80F1-4483-B05C-182FA28B825E}.Release|x86.Build.0 = Release|Any CPU
		{39B344EF-E3A6-4415-B66D-EF88EBA85592}.Debug|Any CPU.ActiveCfg = Debug|Any CPU
		{39B344EF-E3A6-4415-B66D-EF88EBA85592}.Debug|Any CPU.Build.0 = Debug|Any CPU
		{39B344EF-E3A6-4415-B66D-EF88EBA85592}.Debug|x86.ActiveCfg = Debug|Any CPU
		{39B344EF-E3A6-4415-B66D-EF88EBA85592}.Debug|x86.Build.0 = Debug|Any CPU
		{39B344EF-E3A6-4415-B66D-EF88EBA85592}.Release|Any CPU.ActiveCfg = Release|Any CPU
		{39B344EF-E3A6-4415-B66D-EF88EBA85592}.Release|Any CPU.Build.0 = Release|Any CPU
		{39B344EF-E3A6-4415-B66D-EF88EBA85592}.Release|x86.ActiveCfg = Release|Any CPU
		{39B344EF-E3A6-4415-B66D-EF88EBA85592}.Release|x86.Build.0 = Release|Any CPU
		{FC70257E-B3CA-4CB0-A491-3C82076E7BC7}.Debug|Any CPU.ActiveCfg = Debug|Any CPU
		{FC70257E-B3CA-4CB0-A491-3C82076E7BC7}.Debug|Any CPU.Build.0 = Debug|Any CPU
		{FC70257E-B3CA-4CB0-A491-3C82076E7BC7}.Debug|x86.ActiveCfg = Debug|Any CPU
		{FC70257E-B3CA-4CB0-A491-3C82076E7BC7}.Debug|x86.Build.0 = Debug|Any CPU
		{FC70257E-B3CA-4CB0-A491-3C82076E7BC7}.Release|Any CPU.ActiveCfg = Release|Any CPU
		{FC70257E-B3CA-4CB0-A491-3C82076E7BC7}.Release|Any CPU.Build.0 = Release|Any CPU
		{FC70257E-B3CA-4CB0-A491-3C82076E7BC7}.Release|x86.ActiveCfg = Release|Any CPU
		{FC70257E-B3CA-4CB0-A491-3C82076E7BC7}.Release|x86.Build.0 = Release|Any CPU
		{DB5691A8-DF95-460E-AA83-13C4EC61007E}.Debug|Any CPU.ActiveCfg = Debug|Any CPU
		{DB5691A8-DF95-460E-AA83-13C4EC61007E}.Debug|Any CPU.Build.0 = Debug|Any CPU
		{DB5691A8-DF95-460E-AA83-13C4EC61007E}.Debug|x86.ActiveCfg = Debug|Any CPU
		{DB5691A8-DF95-460E-AA83-13C4EC61007E}.Debug|x86.Build.0 = Debug|Any CPU
		{DB5691A8-DF95-460E-AA83-13C4EC61007E}.Release|Any CPU.ActiveCfg = Release|Any CPU
		{DB5691A8-DF95-460E-AA83-13C4EC61007E}.Release|Any CPU.Build.0 = Release|Any CPU
		{DB5691A8-DF95-460E-AA83-13C4EC61007E}.Release|x86.ActiveCfg = Release|Any CPU
		{DB5691A8-DF95-460E-AA83-13C4EC61007E}.Release|x86.Build.0 = Release|Any CPU
		{90371B7D-7755-4EFA-9D1B-A817FAEA4DE0}.Debug|Any CPU.ActiveCfg = Debug|Any CPU
		{90371B7D-7755-4EFA-9D1B-A817FAEA4DE0}.Debug|Any CPU.Build.0 = Debug|Any CPU
		{90371B7D-7755-4EFA-9D1B-A817FAEA4DE0}.Debug|x86.ActiveCfg = Debug|Any CPU
		{90371B7D-7755-4EFA-9D1B-A817FAEA4DE0}.Debug|x86.Build.0 = Debug|Any CPU
		{90371B7D-7755-4EFA-9D1B-A817FAEA4DE0}.Release|Any CPU.ActiveCfg = Release|Any CPU
		{90371B7D-7755-4EFA-9D1B-A817FAEA4DE0}.Release|Any CPU.Build.0 = Release|Any CPU
		{90371B7D-7755-4EFA-9D1B-A817FAEA4DE0}.Release|x86.ActiveCfg = Release|Any CPU
		{90371B7D-7755-4EFA-9D1B-A817FAEA4DE0}.Release|x86.Build.0 = Release|Any CPU
	EndGlobalSection
	GlobalSection(SolutionProperties) = preSolution
		HideSolutionNode = FALSE
	EndGlobalSection
	GlobalSection(NestedProjects) = preSolution
		{54F9A165-5D89-4C47-89CE-F169BE488F44} = {0AC3E678-763B-45DA-B0A3-64EFACEF76BE}
		{0AC3E678-763B-45DA-B0A3-64EFACEF76BE} = {DDEEB079-7B99-4952-8B29-939D8E725104}
		{342C920C-29D4-4585-BF8D-0CB5470B77EB} = {DDEEB079-7B99-4952-8B29-939D8E725104}
		{4AF6821F-F583-41F7-8CD8-B816CB90D278} = {7B045FDE-6993-4ADE-B5C5-41810DCA72DB}
		{988A5BE6-FE59-4F40-A464-AE3FFD7A570A} = {7B045FDE-6993-4ADE-B5C5-41810DCA72DB}
		{DB6A0B45-80F1-4483-B05C-182FA28B825E} = {342C920C-29D4-4585-BF8D-0CB5470B77EB}
		{39B344EF-E3A6-4415-B66D-EF88EBA85592} = {4AF6821F-F583-41F7-8CD8-B816CB90D278}
		{FC70257E-B3CA-4CB0-A491-3C82076E7BC7} = {988A5BE6-FE59-4F40-A464-AE3FFD7A570A}
		{DB5691A8-DF95-460E-AA83-13C4EC61007E} = {B7B262C6-BAB9-4467-BBB7-CE1A4E18566E}
		{90371B7D-7755-4EFA-9D1B-A817FAEA4DE0} = {F4703137-F07D-4EE3-876D-A3ED6F618545}
		{F4703137-F07D-4EE3-876D-A3ED6F618545} = {F76BE0E1-ED90-49F7-9C06-FBFC253F069C}
		{B7B262C6-BAB9-4467-BBB7-CE1A4E18566E} = {F76BE0E1-ED90-49F7-9C06-FBFC253F069C}
	EndGlobalSection
	GlobalSection(ExtensibilityGlobals) = postSolution
		SolutionGuid = {3E3AAB01-895B-4AC5-B024-9C210BE520C8}
	EndGlobalSection
EndGlobal
